// !$*UTF8*$!
{
	archiveVersion = 1;
	classes = {
	};
	objectVersion = 55;
	objects = {

/* Begin PBXBuildFile section */
		871E0D622A565F1500D8690C /* CateM.swift in Sources */ = {isa = PBXBuildFile; fileRef = 871E0D612A565F1500D8690C /* CateM.swift */; };
		871E0D642A565F1B00D8690C /* Item.swift in Sources */ = {isa = PBXBuildFile; fileRef = 871E0D632A565F1B00D8690C /* Item.swift */; };
		871FE6882A556580008B99D9 /* CategroyTableViewController.swift in Sources */ = {isa = PBXBuildFile; fileRef = 871FE6872A556580008B99D9 /* CategroyTableViewController.swift */; };
		87469B422A540D6C002A6F10 /* AppDelegate.swift in Sources */ = {isa = PBXBuildFile; fileRef = 87469B412A540D6C002A6F10 /* AppDelegate.swift */; };
		87469B442A540D6C002A6F10 /* SceneDelegate.swift in Sources */ = {isa = PBXBuildFile; fileRef = 87469B432A540D6C002A6F10 /* SceneDelegate.swift */; };
		87469B462A540D6C002A6F10 /* TodoListViewController.swift in Sources */ = {isa = PBXBuildFile; fileRef = 87469B452A540D6C002A6F10 /* TodoListViewController.swift */; };
		87469B492A540D6C002A6F10 /* Main.storyboard in Resources */ = {isa = PBXBuildFile; fileRef = 87469B472A540D6C002A6F10 /* Main.storyboard */; };
		87469B4B2A540D6E002A6F10 /* Assets.xcassets in Resources */ = {isa = PBXBuildFile; fileRef = 87469B4A2A540D6E002A6F10 /* Assets.xcassets */; };
		87469B4E2A540D6E002A6F10 /* LaunchScreen.storyboard in Resources */ = {isa = PBXBuildFile; fileRef = 87469B4C2A540D6E002A6F10 /* LaunchScreen.storyboard */; };
		87469B562A541080002A6F10 /* Common.swift in Sources */ = {isa = PBXBuildFile; fileRef = 87469B552A541080002A6F10 /* Common.swift */; };
		C22A1AA913CBAC7A5CFBFF85 /* Pods_Todo.framework in Frameworks */ = {isa = PBXBuildFile; fileRef = 5DF25747B75127CDE6B21F42 /* Pods_Todo.framework */; };
/* End PBXBuildFile section */

/* Begin PBXFileReference section */
		5DF25747B75127CDE6B21F42 /* Pods_Todo.framework */ = {isa = PBXFileReference; explicitFileType = wrapper.framework; includeInIndex = 0; path = Pods_Todo.framework; sourceTree = BUILT_PRODUCTS_DIR; };
		871E0D612A565F1500D8690C /* CateM.swift */ = {isa = PBXFileReference; lastKnownFileType = sourcecode.swift; path = CateM.swift; sourceTree = "<group>"; };
		871E0D632A565F1B00D8690C /* Item.swift */ = {isa = PBXFileReference; lastKnownFileType = sourcecode.swift; path = Item.swift; sourceTree = "<group>"; };
		871FE6872A556580008B99D9 /* CategroyTableViewController.swift */ = {isa = PBXFileReference; lastKnownFileType = sourcecode.swift; path = CategroyTableViewController.swift; sourceTree = "<group>"; };
		87469B3E2A540D6C002A6F10 /* Todo.app */ = {isa = PBXFileReference; explicitFileType = wrapper.application; includeInIndex = 0; path = Todo.app; sourceTree = BUILT_PRODUCTS_DIR; };
		87469B412A540D6C002A6F10 /* AppDelegate.swift */ = {isa = PBXFileReference; lastKnownFileType = sourcecode.swift; path = AppDelegate.swift; sourceTree = "<group>"; };
		87469B432A540D6C002A6F10 /* SceneDelegate.swift */ = {isa = PBXFileReference; lastKnownFileType = sourcecode.swift; path = SceneDelegate.swift; sourceTree = "<group>"; };
		87469B452A540D6C002A6F10 /* TodoListViewController.swift */ = {isa = PBXFileReference; lastKnownFileType = sourcecode.swift; path = TodoListViewController.swift; sourceTree = "<group>"; };
		87469B482A540D6C002A6F10 /* Base */ = {isa = PBXFileReference; lastKnownFileType = file.storyboard; name = Base; path = Base.lproj/Main.storyboard; sourceTree = "<group>"; };
		87469B4A2A540D6E002A6F10 /* Assets.xcassets */ = {isa = PBXFileReference; lastKnownFileType = folder.assetcatalog; path = Assets.xcassets; sourceTree = "<group>"; };
		87469B4D2A540D6E002A6F10 /* Base */ = {isa = PBXFileReference; lastKnownFileType = file.storyboard; name = Base; path = Base.lproj/LaunchScreen.storyboard; sourceTree = "<group>"; };
		87469B4F2A540D6E002A6F10 /* Info.plist */ = {isa = PBXFileReference; lastKnownFileType = text.plist.xml; path = Info.plist; sourceTree = "<group>"; };
		87469B552A541080002A6F10 /* Common.swift */ = {isa = PBXFileReference; lastKnownFileType = sourcecode.swift; path = Common.swift; sourceTree = "<group>"; };
		965293DDB08F12E18AE4A5E6 /* Pods-Todo.debug.xcconfig */ = {isa = PBXFileReference; includeInIndex = 1; lastKnownFileType = text.xcconfig; name = "Pods-Todo.debug.xcconfig"; path = "Target Support Files/Pods-Todo/Pods-Todo.debug.xcconfig"; sourceTree = "<group>"; };
		D6C5675736E9510C0AB6803D /* Pods-Todo.release.xcconfig */ = {isa = PBXFileReference; includeInIndex = 1; lastKnownFileType = text.xcconfig; name = "Pods-Todo.release.xcconfig"; path = "Target Support Files/Pods-Todo/Pods-Todo.release.xcconfig"; sourceTree = "<group>"; };
/* End PBXFileReference section */

/* Begin PBXFrameworksBuildPhase section */
		87469B3B2A540D6C002A6F10 /* Frameworks */ = {
			isa = PBXFrameworksBuildPhase;
			buildActionMask = 2147483647;
			files = (
				C22A1AA913CBAC7A5CFBFF85 /* Pods_Todo.framework in Frameworks */,
			);
			runOnlyForDeploymentPostprocessing = 0;
		};
/* End PBXFrameworksBuildPhase section */

/* Begin PBXGroup section */
		1451C83539B05C6D942D64A7 /* Frameworks */ = {
			isa = PBXGroup;
			children = (
				5DF25747B75127CDE6B21F42 /* Pods_Todo.framework */,
			);
			name = Frameworks;
			sourceTree = "<group>";
		};
		5EA7FF2BFA1B7D4436290414 /* Pods */ = {
			isa = PBXGroup;
			children = (
				965293DDB08F12E18AE4A5E6 /* Pods-Todo.debug.xcconfig */,
				D6C5675736E9510C0AB6803D /* Pods-Todo.release.xcconfig */,
			);
			path = Pods;
			sourceTree = "<group>";
		};
		871E0D652A56662700D8690C /* Supporting Files */ = {
			isa = PBXGroup;
			children = (
				87469B552A541080002A6F10 /* Common.swift */,
				87469B4A2A540D6E002A6F10 /* Assets.xcassets */,
				87469B4C2A540D6E002A6F10 /* LaunchScreen.storyboard */,
			);
			path = "Supporting Files";
			sourceTree = "<group>";
		};
		871FE64F2A54467A008B99D9 /* ViewController */ = {
			isa = PBXGroup;
			children = (
				871FE6872A556580008B99D9 /* CategroyTableViewController.swift */,
				87469B452A540D6C002A6F10 /* TodoListViewController.swift */,
			);
			path = ViewController;
			sourceTree = "<group>";
		};
		871FE6512A5446A4008B99D9 /* View */ = {
			isa = PBXGroup;
			children = (
				87469B432A540D6C002A6F10 /* SceneDelegate.swift */,
				87469B472A540D6C002A6F10 /* Main.storyboard */,
			);
			path = View;
			sourceTree = "<group>";
		};
		871FE6522A5446B6008B99D9 /* Model */ = {
			isa = PBXGroup;
			children = (
				871E0D612A565F1500D8690C /* CateM.swift */,
				871E0D632A565F1B00D8690C /* Item.swift */,
			);
			path = Model;
			sourceTree = "<group>";
		};
		87469B352A540D6C002A6F10 = {
			isa = PBXGroup;
			children = (
				87469B402A540D6C002A6F10 /* Todo */,
				87469B3F2A540D6C002A6F10 /* Products */,
				5EA7FF2BFA1B7D4436290414 /* Pods */,
				1451C83539B05C6D942D64A7 /* Frameworks */,
			);
			sourceTree = "<group>";
		};
		87469B3F2A540D6C002A6F10 /* Products */ = {
			isa = PBXGroup;
			children = (
				87469B3E2A540D6C002A6F10 /* Todo.app */,
			);
			name = Products;
			sourceTree = "<group>";
		};
		87469B402A540D6C002A6F10 /* Todo */ = {
			isa = PBXGroup;
			children = (
				87469B4F2A540D6E002A6F10 /* Info.plist */,
				87469B412A540D6C002A6F10 /* AppDelegate.swift */,
				871E0D652A56662700D8690C /* Supporting Files */,
				871FE6522A5446B6008B99D9 /* Model */,
				871FE6512A5446A4008B99D9 /* View */,
				871FE64F2A54467A008B99D9 /* ViewController */,
			);
			path = Todo;
			sourceTree = "<group>";
		};
/* End PBXGroup section */

/* Begin PBXNativeTarget section */
		87469B3D2A540D6C002A6F10 /* Todo */ = {
			isa = PBXNativeTarget;
			buildConfigurationList = 87469B522A540D6E002A6F10 /* Build configuration list for PBXNativeTarget "Todo" */;
			buildPhases = (
				154818068E273B0515E714DD /* [CP] Check Pods Manifest.lock */,
				87469B3A2A540D6C002A6F10 /* Sources */,
				87469B3B2A540D6C002A6F10 /* Frameworks */,
				87469B3C2A540D6C002A6F10 /* Resources */,
				A3413D1D676055FEC734FFDE /* [CP] Embed Pods Frameworks */,
			);
			buildRules = (
			);
			dependencies = (
			);
			name = Todo;
			productName = Todo;
			productReference = 87469B3E2A540D6C002A6F10 /* Todo.app */;
			productType = "com.apple.product-type.application";
		};
/* End PBXNativeTarget section */

/* Begin PBXProject section */
		87469B362A540D6C002A6F10 /* Project object */ = {
			isa = PBXProject;
			attributes = {
				BuildIndependentTargetsInParallel = 1;
				LastSwiftUpdateCheck = 1310;
				LastUpgradeCheck = 1310;
				TargetAttributes = {
					87469B3D2A540D6C002A6F10 = {
						CreatedOnToolsVersion = 13.1;
					};
				};
			};
			buildConfigurationList = 87469B392A540D6C002A6F10 /* Build configuration list for PBXProject "Todo" */;
			compatibilityVersion = "Xcode 13.0";
			developmentRegion = en;
			hasScannedForEncodings = 0;
			knownRegions = (
				en,
				Base,
			);
			mainGroup = 87469B352A540D6C002A6F10;
			productRefGroup = 87469B3F2A540D6C002A6F10 /* Products */;
			projectDirPath = "";
			projectRoot = "";
			targets = (
				87469B3D2A540D6C002A6F10 /* Todo */,
			);
		};
/* End PBXProject section */

/* Begin PBXResourcesBuildPhase section */
		87469B3C2A540D6C002A6F10 /* Resources */ = {
			isa = PBXResourcesBuildPhase;
			buildActionMask = 2147483647;
			files = (
				87469B4E2A540D6E002A6F10 /* LaunchScreen.storyboard in Resources */,
				87469B4B2A540D6E002A6F10 /* Assets.xcassets in Resources */,
				87469B492A540D6C002A6F10 /* Main.storyboard in Resources */,
			);
			runOnlyForDeploymentPostprocessing = 0;
		};
/* End PBXResourcesBuildPhase section */

/* Begin PBXShellScriptBuildPhase section */
		154818068E273B0515E714DD /* [CP] Check Pods Manifest.lock */ = {
			isa = PBXShellScriptBuildPhase;
			buildActionMask = 2147483647;
			files = (
			);
			inputFileListPaths = (
			);
			inputPaths = (
				"${PODS_PODFILE_DIR_PATH}/Podfile.lock",
				"${PODS_ROOT}/Manifest.lock",
			);
			name = "[CP] Check Pods Manifest.lock";
			outputFileListPaths = (
			);
			outputPaths = (
				"$(DERIVED_FILE_DIR)/Pods-Todo-checkManifestLockResult.txt",
			);
			runOnlyForDeploymentPostprocessing = 0;
			shellPath = /bin/sh;
			shellScript = "diff \"${PODS_PODFILE_DIR_PATH}/Podfile.lock\" \"${PODS_ROOT}/Manifest.lock\" > /dev/null\nif [ $? != 0 ] ; then\n    # print error to STDERR\n    echo \"error: The sandbox is not in sync with the Podfile.lock. Run 'pod install' or update your CocoaPods installation.\" >&2\n    exit 1\nfi\n# This output is used by Xcode 'outputs' to avoid re-running this script phase.\necho \"SUCCESS\" > \"${SCRIPT_OUTPUT_FILE_0}\"\n";
			showEnvVarsInLog = 0;
		};
		A3413D1D676055FEC734FFDE /* [CP] Embed Pods Frameworks */ = {
			isa = PBXShellScriptBuildPhase;
			buildActionMask = 2147483647;
			files = (
			);
			inputFileListPaths = (
				"${PODS_ROOT}/Target Support Files/Pods-Todo/Pods-Todo-frameworks-${CONFIGURATION}-input-files.xcfilelist",
			);
			name = "[CP] Embed Pods Frameworks";
			outputFileListPaths = (
				"${PODS_ROOT}/Target Support Files/Pods-Todo/Pods-Todo-frameworks-${CONFIGURATION}-output-files.xcfilelist",
			);
			runOnlyForDeploymentPostprocessing = 0;
			shellPath = /bin/sh;
			shellScript = "\"${PODS_ROOT}/Target Support Files/Pods-Todo/Pods-Todo-frameworks.sh\"\n";
			showEnvVarsInLog = 0;
		};
/* End PBXShellScriptBuildPhase section */

/* Begin PBXSourcesBuildPhase section */
		87469B3A2A540D6C002A6F10 /* Sources */ = {
			isa = PBXSourcesBuildPhase;
			buildActionMask = 2147483647;
			files = (
				87469B562A541080002A6F10 /* Common.swift in Sources */,
				87469B462A540D6C002A6F10 /* TodoListViewController.swift in Sources */,
				871E0D622A565F1500D8690C /* CateM.swift in Sources */,
				871E0D642A565F1B00D8690C /* Item.swift in Sources */,
				87469B422A540D6C002A6F10 /* AppDelegate.swift in Sources */,
				87469B442A540D6C002A6F10 /* SceneDelegate.swift in Sources */,
				871FE6882A556580008B99D9 /* CategroyTableViewController.swift in Sources */,
			);
			runOnlyForDeploymentPostprocessing = 0;
		};
/* End PBXSourcesBuildPhase section */

/* Begin PBXVariantGroup section */
		87469B472A540D6C002A6F10 /* Main.storyboard */ = {
			isa = PBXVariantGroup;
			children = (
				87469B482A540D6C002A6F10 /* Base */,
			);
			name = Main.storyboard;
			sourceTree = "<group>";
		};
		87469B4C2A540D6E002A6F10 /* LaunchScreen.storyboard */ = {
			isa = PBXVariantGroup;
			children = (
				87469B4D2A540D6E002A6F10 /* Base */,
			);
			name = LaunchScreen.storyboard;
			sourceTree = "<group>";
		};
/* End PBXVariantGroup section */

/* Begin XCBuildConfiguration section */
		87469B502A540D6E002A6F10 /* Debug */ = {
			isa = XCBuildConfiguration;
			buildSettings = {
				ALWAYS_SEARCH_USER_PATHS = NO;
				CLANG_ANALYZER_NONNULL = YES;
				CLANG_ANALYZER_NUMBER_OBJECT_CONVERSION = YES_AGGRESSIVE;
				CLANG_CXX_LANGUAGE_STANDARD = "gnu++17";
				CLANG_CXX_LIBRARY = "libc++";
				CLANG_ENABLE_MODULES = YES;
				CLANG_ENABLE_OBJC_ARC = YES;
				CLANG_ENABLE_OBJC_WEAK = YES;
				CLANG_WARN_BLOCK_CAPTURE_AUTORELEASING = YES;
				CLANG_WARN_BOOL_CONVERSION = YES;
				CLANG_WARN_COMMA = YES;
				CLANG_WARN_CONSTANT_CONVERSION = YES;
				CLANG_WARN_DEPRECATED_OBJC_IMPLEMENTATIONS = YES;
				CLANG_WARN_DIRECT_OBJC_ISA_USAGE = YES_ERROR;
				CLANG_WARN_DOCUMENTATION_COMMENTS = YES;
				CLANG_WARN_EMPTY_BODY = YES;
				CLANG_WARN_ENUM_CONVERSION = YES;
				CLANG_WARN_INFINITE_RECURSION = YES;
				CLANG_WARN_INT_CONVERSION = YES;
				CLANG_WARN_NON_LITERAL_NULL_CONVERSION = YES;
				CLANG_WARN_OBJC_IMPLICIT_RETAIN_SELF = YES;
				CLANG_WARN_OBJC_LITERAL_CONVERSION = YES;
				CLANG_WARN_OBJC_ROOT_CLASS = YES_ERROR;
				CLANG_WARN_QUOTED_INCLUDE_IN_FRAMEWORK_HEADER = YES;
				CLANG_WARN_RANGE_LOOP_ANALYSIS = YES;
				CLANG_WARN_STRICT_PROTOTYPES = YES;
				CLANG_WARN_SUSPICIOUS_MOVE = YES;
				CLANG_WARN_UNGUARDED_AVAILABILITY = YES_AGGRESSIVE;
				CLANG_WARN_UNREACHABLE_CODE = YES;
				CLANG_WARN__DUPLICATE_METHOD_MATCH = YES;
				COPY_PHASE_STRIP = NO;
				DEBUG_INFORMATION_FORMAT = dwarf;
				ENABLE_STRICT_OBJC_MSGSEND = YES;
				ENABLE_TESTABILITY = YES;
				GCC_C_LANGUAGE_STANDARD = gnu11;
				GCC_DYNAMIC_NO_PIC = NO;
				GCC_NO_COMMON_BLOCKS = YES;
				GCC_OPTIMIZATION_LEVEL = 0;
				GCC_PREPROCESSOR_DEFINITIONS = (
					"DEBUG=1",
					"$(inherited)",
				);
				GCC_WARN_64_TO_32_BIT_CONVERSION = YES;
				GCC_WARN_ABOUT_RETURN_TYPE = YES_ERROR;
				GCC_WARN_UNDECLARED_SELECTOR = YES;
				GCC_WARN_UNINITIALIZED_AUTOS = YES_AGGRESSIVE;
				GCC_WARN_UNUSED_FUNCTION = YES;
				GCC_WARN_UNUSED_VARIABLE = YES;
				IPHONEOS_DEPLOYMENT_TARGET = 15.0;
				MTL_ENABLE_DEBUG_INFO = INCLUDE_SOURCE;
				MTL_FAST_MATH = YES;
				ONLY_ACTIVE_ARCH = YES;
				SDKROOT = iphoneos;
				SWIFT_ACTIVE_COMPILATION_CONDITIONS = DEBUG;
				SWIFT_OPTIMIZATION_LEVEL = "-Onone";
			};
			name = Debug;
		};
		87469B512A540D6E002A6F10 /* Release */ = {
			isa = XCBuildConfiguration;
			buildSettings = {
				ALWAYS_SEARCH_USER_PATHS = NO;
				CLANG_ANALYZER_NONNULL = YES;
				CLANG_ANALYZER_NUMBER_OBJECT_CONVERSION = YES_AGGRESSIVE;
				CLANG_CXX_LANGUAGE_STANDARD = "gnu++17";
				CLANG_CXX_LIBRARY = "libc++";
				CLANG_ENABLE_MODULES = YES;
				CLANG_ENABLE_OBJC_ARC = YES;
				CLANG_ENABLE_OBJC_WEAK = YES;
				CLANG_WARN_BLOCK_CAPTURE_AUTORELEASING = YES;
				CLANG_WARN_BOOL_CONVERSION = YES;
				CLANG_WARN_COMMA = YES;
				CLANG_WARN_CONSTANT_CONVERSION = YES;
				CLANG_WARN_DEPRECATED_OBJC_IMPLEMENTATIONS = YES;
				CLANG_WARN_DIRECT_OBJC_ISA_USAGE = YES_ERROR;
				CLANG_WARN_DOCUMENTATION_COMMENTS = YES;
				CLANG_WARN_EMPTY_BODY = YES;
				CLANG_WARN_ENUM_CONVERSION = YES;
				CLANG_WARN_INFINITE_RECURSION = YES;
				CLANG_WARN_INT_CONVERSION = YES;
				CLANG_WARN_NON_LITERAL_NULL_CONVERSION = YES;
				CLANG_WARN_OBJC_IMPLICIT_RETAIN_SELF = YES;
				CLANG_WARN_OBJC_LITERAL_CONVERSION = YES;
				CLANG_WARN_OBJC_ROOT_CLASS = YES_ERROR;
				CLANG_WARN_QUOTED_INCLUDE_IN_FRAMEWORK_HEADER = YES;
				CLANG_WARN_RANGE_LOOP_ANALYSIS = YES;
				CLANG_WARN_STRICT_PROTOTYPES = YES;
				CLANG_WARN_SUSPICIOUS_MOVE = YES;
				CLANG_WARN_UNGUARDED_AVAILABILITY = YES_AGGRESSIVE;
				CLANG_WARN_UNREACHABLE_CODE = YES;
				CLANG_WARN__DUPLICATE_METHOD_MATCH = YES;
				COPY_PHASE_STRIP = NO;
				DEBUG_INFORMATION_FORMAT = "dwarf-with-dsym";
				ENABLE_NS_ASSERTIONS = NO;
				ENABLE_STRICT_OBJC_MSGSEND = YES;
				GCC_C_LANGUAGE_STANDARD = gnu11;
				GCC_NO_COMMON_BLOCKS = YES;
				GCC_WARN_64_TO_32_BIT_CONVERSION = YES;
				GCC_WARN_ABOUT_RETURN_TYPE = YES_ERROR;
				GCC_WARN_UNDECLARED_SELECTOR = YES;
				GCC_WARN_UNINITIALIZED_AUTOS = YES_AGGRESSIVE;
				GCC_WARN_UNUSED_FUNCTION = YES;
				GCC_WARN_UNUSED_VARIABLE = YES;
				IPHONEOS_DEPLOYMENT_TARGET = 15.0;
				MTL_ENABLE_DEBUG_INFO = NO;
				MTL_FAST_MATH = YES;
				SDKROOT = iphoneos;
				SWIFT_COMPILATION_MODE = wholemodule;
				SWIFT_OPTIMIZATION_LEVEL = "-O";
				VALIDATE_PRODUCT = YES;
			};
			name = Release;
		};
		87469B532A540D6E002A6F10 /* Debug */ = {
			isa = XCBuildConfiguration;
			baseConfigurationReference = 965293DDB08F12E18AE4A5E6 /* Pods-Todo.debug.xcconfig */;
			buildSettings = {
				ASSETCATALOG_COMPILER_APPICON_NAME = AppIcon;
				ASSETCATALOG_COMPILER_GLOBAL_ACCENT_COLOR_NAME = AccentColor;
				CODE_SIGN_STYLE = Automatic;
				CURRENT_PROJECT_VERSION = 1;
				DEVELOPMENT_TEAM = 626X8Q7F93;
				GENERATE_INFOPLIST_FILE = YES;
				INFOPLIST_FILE = Todo/Info.plist;
				INFOPLIST_KEY_UIApplicationSupportsIndirectInputEvents = YES;
				INFOPLIST_KEY_UILaunchStoryboardName = LaunchScreen;
				INFOPLIST_KEY_UIMainStoryboardFile = Main;
				INFOPLIST_KEY_UISupportedInterfaceOrientations_iPad = "UIInterfaceOrientationPortrait UIInterfaceOrientationPortraitUpsideDown UIInterfaceOrientationLandscapeLeft UIInterfaceOrientationLandscapeRight";
				INFOPLIST_KEY_UISupportedInterfaceOrientations_iPhone = "UIInterfaceOrientationPortrait UIInterfaceOrientationLandscapeLeft UIInterfaceOrientationLandscapeRight";
				LD_RUNPATH_SEARCH_PATHS = (
					"$(inherited)",
					"@executable_path/Frameworks",
				);
				MARKETING_VERSION = 1.0;
				PRODUCT_BUNDLE_IDENTIFIER = com.lxp.Todo;
				PRODUCT_NAME = "$(TARGET_NAME)";
				SWIFT_EMIT_LOC_STRINGS = YES;
				SWIFT_VERSION = 5.0;
				TARGETED_DEVICE_FAMILY = "1,2";
			};
			name = Debug;
		};
		87469B542A540D6E002A6F10 /* Release */ = {
			isa = XCBuildConfiguration;
			baseConfigurationReference = D6C5675736E9510C0AB6803D /* Pods-Todo.release.xcconfig */;
			buildSettings = {
				ASSETCATALOG_COMPILER_APPICON_NAME = AppIcon;
				ASSETCATALOG_COMPILER_GLOBAL_ACCENT_COLOR_NAME = AccentColor;
				CODE_SIGN_STYLE = Automatic;
				CURRENT_PROJECT_VERSION = 1;
				DEVELOPMENT_TEAM = 626X8Q7F93;
				GENERATE_INFOPLIST_FILE = YES;
				INFOPLIST_FILE = Todo/Info.plist;
				INFOPLIST_KEY_UIApplicationSupportsIndirectInputEvents = YES;
				INFOPLIST_KEY_UILaunchStoryboardName = LaunchScreen;
				INFOPLIST_KEY_UIMainStoryboardFile = Main;
				INFOPLIST_KEY_UISupportedInterfaceOrientations_iPad = "UIInterfaceOrientationPortrait UIInterfaceOrientationPortraitUpsideDown UIInterfaceOrientationLandscapeLeft UIInterfaceOrientationLandscapeRight";
				INFOPLIST_KEY_UISupportedInterfaceOrientations_iPhone = "UIInterfaceOrientationPortrait UIInterfaceOrientationLandscapeLeft UIInterfaceOrientationLandscapeRight";
				LD_RUNPATH_SEARCH_PATHS = (
					"$(inherited)",
					"@executable_path/Frameworks",
				);
				MARKETING_VERSION = 1.0;
				PRODUCT_BUNDLE_IDENTIFIER = com.lxp.Todo;
				PRODUCT_NAME = "$(TARGET_NAME)";
				SWIFT_EMIT_LOC_STRINGS = YES;
				SWIFT_VERSION = 5.0;
				TARGETED_DEVICE_FAMILY = "1,2";
			};
			name = Release;
		};
/* End XCBuildConfiguration section */

/* Begin XCConfigurationList section */
		87469B392A540D6C002A6F10 /* Build configuration list for PBXProject "Todo" */ = {
			isa = XCConfigurationList;
			buildConfigurations = (
				87469B502A540D6E002A6F10 /* Debug */,
				87469B512A540D6E002A6F10 /* Release */,
			);
			defaultConfigurationIsVisible = 0;
			defaultConfigurationName = Release;
		};
		87469B522A540D6E002A6F10 /* Build configuration list for PBXNativeTarget "Todo" */ = {
			isa = XCConfigurationList;
			buildConfigurations = (
				87469B532A540D6E002A6F10 /* Debug */,
				87469B542A540D6E002A6F10 /* Release */,
			);
			defaultConfigurationIsVisible = 0;
			defaultConfigurationName = Release;
		};
/* End XCConfigurationList section */
	};
	rootObject = 87469B362A540D6C002A6F10 /* Project object */;
}
